
Microsoft Visual Studio Solution File, Format Version 11.00
# Visual Studio 2010
Project("{FAE04EC0-301F-11D3-BF4B-00C04F79EFBC}") = "Assembly-CSharp", "Assembly-CSharp.csproj", "{09e85a07-a22b-c3b6-13e7-b7318fdc16e8}"
EndProject
Project("{FAE04EC0-301F-11D3-BF4B-00C04F79EFBC}") = "PhotonUnityNetworking.Utilities", "PhotonUnityNetworking.Utilities.csproj", "{b9af9124-5dd7-1da8-15bc-dd1d6ae95754}"
EndProject
Project("{FAE04EC0-301F-11D3-BF4B-00C04F79EFBC}") = "UniRx", "UniRx.csproj", "{7eabad66-a841-f1d6-af33-cf90315fd910}"
EndProject
Project("{FAE04EC0-301F-11D3-BF4B-00C04F79EFBC}") = "PhotonUnityNetworking.Demos", "PhotonUnityNetworking.Demos.csproj", "{0178d324-8f41-68c7-7c76-db46f61ea818}"
EndProject
Project("{FAE04EC0-301F-11D3-BF4B-00C04F79EFBC}") = "PhotonUnityNetworking", "PhotonUnityNetworking.csproj", "{a4619d4b-bac1-4f39-96c1-549a7a047307}"
EndProject
Project("{FAE04EC0-301F-11D3-BF4B-00C04F79EFBC}") = "PhotonChat", "PhotonChat.csproj", "{5c031548-5c9a-f7f9-faf5-82c7c899e52f}"
EndProject
Project("{FAE04EC0-301F-11D3-BF4B-00C04F79EFBC}") = "PhotonRealtime", "PhotonRealtime.csproj", "{32b1a187-c1a0-2e4b-eef5-f32412a4af0f}"
EndProject
Project("{FAE04EC0-301F-11D3-BF4B-00C04F79EFBC}") = "PhotonUnityNetworking.Editor", "PhotonUnityNetworking.Editor.csproj", "{9946e533-52af-11d7-bba0-7bac923763fb}"
EndProject
Project("{FAE04EC0-301F-11D3-BF4B-00C04F79EFBC}") = "PhotonUnityNetworking.Utilities.PhotonPlayer.Editor", "PhotonUnityNetworking.Utilities.PhotonPlayer.Editor.csproj", "{9880d11e-2f2a-40de-a321-3c99b9a6c112}"
EndProject
Project("{FAE04EC0-301F-11D3-BF4B-00C04F79EFBC}") = "PunDemos.DemoSlotcarEditor", "PunDemos.DemoSlotcarEditor.csproj", "{bd83f9b4-6544-bc03-1d09-79b7aac63e0c}"
EndProject
Project("{FAE04EC0-301F-11D3-BF4B-00C04F79EFBC}") = "PhotonUnityNetworking.Utilities.Culling.Editor", "PhotonUnityNetworking.Utilities.Culling.Editor.csproj", "{7051a29e-295a-f59b-89b9-0f0eb9f21a62}"
EndProject
Project("{FAE04EC0-301F-11D3-BF4B-00C04F79EFBC}") = "PunDemos.DemoHubEditor", "PunDemos.DemoHubEditor.csproj", "{898e9186-2455-38e2-196c-1baa89a4bd3a}"
EndProject
Project("{FAE04EC0-301F-11D3-BF4B-00C04F79EFBC}") = "Assembly-CSharp-Editor", "Assembly-CSharp-Editor.csproj", "{16dcd41b-7df3-2304-6395-de74058157cb}"
EndProject
Global
	GlobalSection(SolutionConfigurationPlatforms) = preSolution
		Debug|Any CPU = Debug|Any CPU
	EndGlobalSection
	GlobalSection(ProjectConfigurationPlatforms) = postSolution
		{09e85a07-a22b-c3b6-13e7-b7318fdc16e8}.Debug|Any CPU.ActiveCfg = Debug|Any CPU
		{09e85a07-a22b-c3b6-13e7-b7318fdc16e8}.Debug|Any CPU.Build.0 = Debug|Any CPU
		{b9af9124-5dd7-1da8-15bc-dd1d6ae95754}.Debug|Any CPU.ActiveCfg = Debug|Any CPU
		{b9af9124-5dd7-1da8-15bc-dd1d6ae95754}.Debug|Any CPU.Build.0 = Debug|Any CPU
		{7eabad66-a841-f1d6-af33-cf90315fd910}.Debug|Any CPU.ActiveCfg = Debug|Any CPU
		{7eabad66-a841-f1d6-af33-cf90315fd910}.Debug|Any CPU.Build.0 = Debug|Any CPU
		{0178d324-8f41-68c7-7c76-db46f61ea818}.Debug|Any CPU.ActiveCfg = Debug|Any CPU
		{0178d324-8f41-68c7-7c76-db46f61ea818}.Debug|Any CPU.Build.0 = Debug|Any CPU
		{a4619d4b-bac1-4f39-96c1-549a7a047307}.Debug|Any CPU.ActiveCfg = Debug|Any CPU
		{a4619d4b-bac1-4f39-96c1-549a7a047307}.Debug|Any CPU.Build.0 = Debug|Any CPU
		{5c031548-5c9a-f7f9-faf5-82c7c899e52f}.Debug|Any CPU.ActiveCfg = Debug|Any CPU
		{5c031548-5c9a-f7f9-faf5-82c7c899e52f}.Debug|Any CPU.Build.0 = Debug|Any CPU
		{32b1a187-c1a0-2e4b-eef5-f32412a4af0f}.Debug|Any CPU.ActiveCfg = Debug|Any CPU
		{32b1a187-c1a0-2e4b-eef5-f32412a4af0f}.Debug|Any CPU.Build.0 = Debug|Any CPU
		{9946e533-52af-11d7-bba0-7bac923763fb}.Debug|Any CPU.ActiveCfg = Debug|Any CPU
		{9946e533-52af-11d7-bba0-7bac923763fb}.Debug|Any CPU.Build.0 = Debug|Any CPU
		{9880d11e-2f2a-40de-a321-3c99b9a6c112}.Debug|Any CPU.ActiveCfg = Debug|Any CPU
		{9880d11e-2f2a-40de-a321-3c99b9a6c112}.Debug|Any CPU.Build.0 = Debug|Any CPU
		{bd83f9b4-6544-bc03-1d09-79b7aac63e0c}.Debug|Any CPU.ActiveCfg = Debug|Any CPU
		{bd83f9b4-6544-bc03-1d09-79b7aac63e0c}.Debug|Any CPU.Build.0 = Debug|Any CPU
		{7051a29e-295a-f59b-89b9-0f0eb9f21a62}.Debug|Any CPU.ActiveCfg = Debug|Any CPU
		{7051a29e-295a-f59b-89b9-0f0eb9f21a62}.Debug|Any CPU.Build.0 = Debug|Any CPU
		{898e9186-2455-38e2-196c-1baa89a4bd3a}.Debug|Any CPU.ActiveCfg = Debug|Any CPU
		{898e9186-2455-38e2-196c-1baa89a4bd3a}.Debug|Any CPU.Build.0 = Debug|Any CPU
		{16dcd41b-7df3-2304-6395-de74058157cb}.Debug|Any CPU.ActiveCfg = Debug|Any CPU
		{16dcd41b-7df3-2304-6395-de74058157cb}.Debug|Any CPU.Build.0 = Debug|Any CPU
	EndGlobalSection
	GlobalSection(SolutionProperties) = preSolution
		HideSolutionNode = FALSE
	EndGlobalSection
EndGlobal
